
Microsoft Visual Studio Solution File, Format Version 12.00
# Visual Studio 15
VisualStudioVersion = 15.0.26730.12
MinimumVisualStudioVersion = 10.0.40219.1
Project("{FAE04EC0-301F-11D3-BF4B-00C04F79EFBC}") = "lab3", "lab3\lab3.csproj", "{9C046C9F-83C2-43C1-856B-5D5DEB93515E}"
EndProject
Global
	GlobalSection(SolutionConfigurationPlatforms) = preSolution
		Debug|Any CPU = Debug|Any CPU
		Release|Any CPU = Release|Any CPU
	EndGlobalSection
	GlobalSection(ProjectConfigurationPlatforms) = postSolution
		{9C046C9F-83C2-43C1-856B-5D5DEB93515E}.Debug|Any CPU.ActiveCfg = Debug|Any CPU
		{9C046C9F-83C2-43C1-856B-5D5DEB93515E}.Debug|Any CPU.Build.0 = Debug|Any CPU
		{9C046C9F-83C2-43C1-856B-5D5DEB93515E}.Release|Any CPU.ActiveCfg = Release|Any CPU
		{9C046C9F-83C2-43C1-856B-5D5DEB93515E}.Release|Any CPU.Build.0 = Release|Any CPU
	EndGlobalSection
	GlobalSection(SolutionProperties) = preSolution
		HideSolutionNode = FALSE
	EndGlobalSection
	GlobalSection(ExtensibilityGlobals) = postSolution
		SolutionGuid = {F7E4D09E-597F-4488-94FC-7D496BCEE92B}
	EndGlobalSection
EndGlobal
